{
  "name": "tryghost",
  "version": "0.0.1",
  "dependencies": {
    "express": {
      "version": "3.1.0",
      "from": "express@3.1.0",
      "resolved": "https://registry.npmjs.org/express/-/express-3.1.0.tgz",
      "dependencies": {
        "connect": {
          "version": "2.7.2",
          "from": "connect@2.7.2",
          "resolved": "https://registry.npmjs.org/connect/-/connect-2.7.2.tgz",
          "dependencies": {
            "qs": {
              "version": "0.5.1",
              "from": "qs@0.5.1"
            },
            "formidable": {
              "version": "1.0.11",
              "from": "formidable@1.0.11"
            },
            "bytes": {
              "version": "0.1.0",
              "from": "bytes@0.1.0"
            },
            "pause": {
              "version": "0.0.1",
              "from": "pause@0.0.1"
            }
          }
        },
        "commander": {
          "version": "0.6.1",
          "from": "commander@0.6.1"
        },
        "range-parser": {
          "version": "0.0.4",
          "from": "range-parser@0.0.4"
        },
        "mkdirp": {
          "version": "0.3.3",
          "from": "mkdirp@0.3.3"
        },
        "cookie": {
          "version": "0.0.5",
          "from": "cookie@0.0.5"
        },
        "buffer-crc32": {
          "version": "0.1.1",
          "from": "buffer-crc32@0.1.1"
        },
        "fresh": {
          "version": "0.1.0",
          "from": "fresh@0.1.0"
        },
        "methods": {
          "version": "0.0.1",
          "from": "methods@0.0.1"
        },
        "send": {
          "version": "0.1.0",
          "from": "send@0.1.0",
          "dependencies": {
            "mime": {
              "version": "1.2.6",
              "from": "mime@1.2.6"
            }
          }
        },
        "cookie-signature": {
          "version": "0.0.1",
          "from": "cookie-signature@0.0.1",
          "resolved": "https://registry.npmjs.org/cookie-signature/-/cookie-signature-0.0.1.tgz"
        },
        "debug": {
          "version": "0.7.2",
          "from": "debug@*"
        }
      }
    },
    "express-hbs": {
      "version": "0.1.3-pre",
      "from": "express-hbs@*",
      "resolved": "https://registry.npmjs.org/express-hbs/-/express-hbs-0.1.3-pre.tgz"
    },
    "connect-flash": {
      "version": "0.1.0",
      "from": "connect-flash@",
      "resolved": "https://registry.npmjs.org/connect-flash/-/connect-flash-0.1.0.tgz"
    },
    "css": {
      "version": "1.0.7",
      "from": "css@*",
      "resolved": "https://registry.npmjs.org/css/-/css-1.0.7.tgz",
      "dependencies": {
        "css-parse": {
          "version": "1.0.4",
          "from": "css-parse@1.0.4",
          "resolved": "https://registry.npmjs.org/css-parse/-/css-parse-1.0.4.tgz"
        },
        "css-stringify": {
          "version": "1.0.4",
          "from": "css-stringify@1.0.4",
          "resolved": "https://registry.npmjs.org/css-stringify/-/css-stringify-1.0.4.tgz"
        }
      }
    },
    "moment": {
      "version": "2.0.0",
      "from": "moment@*",
      "resolved": "https://registry.npmjs.org/moment/-/moment-2.0.0.tgz"
    },
    "underscore": {
      "version": "1.4.4",
      "from": "underscore@*",
      "resolved": "https://registry.npmjs.org/underscore/-/underscore-1.4.4.tgz"
    },
    "nodeunit": {
      "version": "0.7.4",
      "from": "nodeunit@",
      "resolved": "https://registry.npmjs.org/nodeunit/-/nodeunit-0.7.4.tgz",
      "dependencies": {
        "tap": {
          "version": "0.4.0",
          "from": "tap@>=0.2.3",
          "resolved": "https://registry.npmjs.org/tap/-/tap-0.4.0.tgz",
          "dependencies": {
            "inherits": {
              "version": "1.0.0"
            },
            "yamlish": {
              "version": "0.0.5"
            },
            "slide": {
              "version": "1.1.3",
              "from": "slide@*",
              "resolved": "https://registry.npmjs.org/slide/-/slide-1.1.3.tgz"
            },
            "runforcover": {
              "version": "0.0.2",
              "from": "runforcover@~0.0.2",
              "resolved": "https://registry.npmjs.org/runforcover/-/runforcover-0.0.2.tgz",
              "dependencies": {
                "bunker": {
                  "version": "0.1.2",
                  "from": "bunker@0.1.X",
                  "resolved": "https://registry.npmjs.org/bunker/-/bunker-0.1.2.tgz",
                  "dependencies": {
                    "burrito": {
                      "version": "0.2.12",
                      "from": "burrito@>=0.2.5 <0.3",
                      "resolved": "https://registry.npmjs.org/burrito/-/burrito-0.2.12.tgz",
                      "dependencies": {
                        "traverse": {
                          "version": "0.5.2",
                          "from": "traverse@~0.5.1",
                          "resolved": "https://registry.npmjs.org/traverse/-/traverse-0.5.2.tgz"
                        },
                        "uglify-js": {
                          "version": "1.1.1",
                          "from": "uglify-js@~1.1.1",
                          "resolved": "https://registry.npmjs.org/uglify-js/-/uglify-js-1.1.1.tgz"
                        }
                      }
                    }
                  }
                }
              }
            },
            "nopt": {
              "version": "2.1.1",
              "from": "nopt@~2",
              "resolved": "https://registry.npmjs.org/nopt/-/nopt-2.1.1.tgz",
              "dependencies": {
                "abbrev": {
                  "version": "1.0.4",
                  "from": "abbrev@1",
                  "resolved": "https://registry.npmjs.org/abbrev/-/abbrev-1.0.4.tgz"
                }
              }
            },
            "mkdirp": {
              "version": "0.3.5",
              "from": "mkdirp@~0.3"
            },
            "difflet": {
              "version": "0.2.3",
              "from": "difflet@~0.2.0",
              "resolved": "https://registry.npmjs.org/difflet/-/difflet-0.2.3.tgz",
              "dependencies": {
                "traverse": {
                  "version": "0.6.3",
                  "from": "traverse@0.6.x",
                  "resolved": "https://registry.npmjs.org/traverse/-/traverse-0.6.3.tgz"
                },
                "charm": {
                  "version": "0.0.8",
                  "from": "charm@0.0.x",
                  "resolved": "https://registry.npmjs.org/charm/-/charm-0.0.8.tgz"
                }
              }
            },
            "deep-equal": {
              "version": "0.0.0",
              "from": "deep-equal@~0.0.0",
              "resolved": "https://registry.npmjs.org/deep-equal/-/deep-equal-0.0.0.tgz"
            },
            "buffer-equal": {
              "version": "0.0.0",
              "from": "buffer-equal@~0.0.0",
              "resolved": "https://registry.npmjs.org/buffer-equal/-/buffer-equal-0.0.0.tgz"
            },
            "glob": {
              "version": "3.1.21",
              "from": "glob@~3.1.14",
              "resolved": "https://registry.npmjs.org/glob/-/glob-3.1.21.tgz",
              "dependencies": {
                "minimatch": {
                  "version": "0.2.11",
                  "from": "minimatch@~0.2.11",
                  "resolved": "https://registry.npmjs.org/minimatch/-/minimatch-0.2.11.tgz",
                  "dependencies": {
                    "lru-cache": {
                      "version": "2.2.2",
                      "from": "lru-cache@2",
                      "resolved": "https://registry.npmjs.org/lru-cache/-/lru-cache-2.2.2.tgz"
                    },
                    "sigmund": {
                      "version": "1.0.0",
                      "from": "sigmund@~1.0.0",
                      "resolved": "https://registry.npmjs.org/sigmund/-/sigmund-1.0.0.tgz"
                    }
                  }
                },
                "graceful-fs": {
                  "version": "1.2.0",
                  "from": "graceful-fs@~1.2.0",
                  "resolved": "https://registry.npmjs.org/graceful-fs/-/graceful-fs-1.2.0.tgz"
                },
                "inherits": {
                  "version": "1.0.0",
                  "from": "inherits@1",
                  "resolved": "https://registry.npmjs.org/inherits/-/inherits-1.0.0.tgz"
                }
              }
            }
          }
        }
      }
    },
    "showdown": {
      "version": "0.3.1",
      "from": "showdown@*",
      "resolved": "https://registry.npmjs.org/showdown/-/showdown-0.3.1.tgz"
    },
    "sqlite3": {
      "version": "2.1.7",
      "from": "sqlite3@"
    },
    "jugglingdb": {
      "version": "0.2.0-29",
      "from": "jugglingdb@0.2.0-29",
      "resolved": "https://registry.npmjs.org/jugglingdb/-/jugglingdb-0.2.0-29.tgz",
      "dependencies": {
        "inflection": {
          "version": "1.2.5",
          "from": "inflection@~1.2.5"
        }
      }
    },
    "jugglingdb-sqlite3": {
      "version": "0.0.2",
      "from": "jugglingdb-sqlite3@0.0.2",
      "resolved": "https://registry.npmjs.org/jugglingdb-sqlite3/-/jugglingdb-sqlite3-0.0.2.tgz",
      "dependencies": {
        "jugglingdb": {
          "version": "0.2.0-29",
          "from": "jugglingdb@0.2.0-29",
          "resolved": "https://registry.npmjs.org/jugglingdb/-/jugglingdb-0.2.0-29.tgz",
          "dependencies": {
            "inflection": {
              "version": "1.2.5",
              "from": "inflection@~1.2.5"
            }
          }
        }
      }
    },
    "handlebars": {
      "version": "1.0.10",
      "from": "handlebars@*",
      "resolved": "https://registry.npmjs.org/handlebars/-/handlebars-1.0.10.tgz",
      "dependencies": {
        "optimist": {
          "version": "0.3.5",
          "from": "optimist@~0.3",
          "resolved": "https://registry.npmjs.org/optimist/-/optimist-0.3.5.tgz",
          "dependencies": {
            "wordwrap": {
              "version": "0.0.2",
              "from": "wordwrap@~0.0.2",
              "resolved": "https://registry.npmjs.org/wordwrap/-/wordwrap-0.0.2.tgz"
            }
          }
        },
        "uglify-js": {
          "version": "1.2.6",
          "from": "uglify-js@~1.2",
          "resolved": "https://registry.npmjs.org/uglify-js/-/uglify-js-1.2.6.tgz"
        }
      }
    }
  }
}
