{
  "name": "ghost-monorepo",
  "version": "0.0.0-private",
  "lockfileVersion": 1,
  "requires": true,
  "dependencies": {
    "start": {
      "version": "5.1.0",
      "resolved": "https://registry.npmjs.org/start/-/start-5.1.0.tgz",
      "integrity": "sha512-lirwWQmvBC65bnxU3HzKx5m7vfZJZTx/FrKyPWbtobcvujGbinQQRrNodtcgkp4mTZ00umzDeg7lraN351l0aA=="
    }
  }
}
