"@ampproject/remapping@^2.3.0":
  version "2.3.0"
  resolved "https://registry.yarnpkg.com/@ampproject/remapping/-/remapping-2.3.0.tgz#ed441b6fa600072520ce18b43d2c8cc8caecc7f4"
  integrity sha512-30iZtAPgz+LTIYoeivqYo853f02jBYSd5uGnGpkFV0M3xOt9aN73erkgYAmZU43x4VfqcnLxW9Kpg3R5LC4YYw==
  dependencies:
    "@jridgewell/gen-mapping" "^0.3.5"
    "@jridgewell/trace-mapping" "^0.3.24"

"@bcoe/v8-coverage@^1.0.1", "@bcoe/v8-coverage@^1.0.2":
"@jridgewell/gen-mapping@^0.3.5":
  version "0.3.13"
  resolved "https://registry.yarnpkg.com/@jridgewell/gen-mapping/-/gen-mapping-0.3.13.tgz#6342a19f44347518c93e43b1ac69deb3c4656a1f"
  integrity sha512-2kkt/7niJ6MgEPxF0bYdQ6etZaA+fQvDcLKckhy1yIQOzaoKjBBjSj63/aLVjYE3qhRt5dvM+uUyfCg6UKCBbA==
  dependencies:
    "@jridgewell/sourcemap-codec" "^1.5.0"
    "@jridgewell/trace-mapping" "^0.3.24"

"@jridgewell/trace-mapping@^0.3.30":
  version "0.3.31"
  resolved "https://registry.yarnpkg.com/@jridgewell/trace-mapping/-/trace-mapping-0.3.31.tgz#db15d6781c931f3a251a3dac39501c98a6082fd0"
  integrity sha512-zzNR+SdQSDJzc8joaeP8QQoCQr8NuYx2dIIytl1QeBEZHJ9uW6hebsrYgbz8hJwUQao3TWCMtmfV8Nu1twOLAw==
  dependencies:
    "@jridgewell/resolve-uri" "^3.1.0"
    "@jridgewell/sourcemap-codec" "^1.4.14"

"@tryghost/elasticsearch@^3.0.22", "@tryghost/elasticsearch@^3.0.24":
"@tryghost/errors@1.3.6":
  version "1.3.6"
  resolved "https://registry.yarnpkg.com/@tryghost/errors/-/errors-1.3.6.tgz#b34993d03122a59f29bf7050a3c0bc90a23a7254"
  integrity sha512-qxl6wF5tlhr646Earjmfcz3km6d+B0tzUmocyVu3tY8StI4pH8mLgzHDtkiTAls9ABPichBxZQe6a8PDcVJbFw==
  dependencies:
    "@stdlib/utils-copy" "^0.2.0"
    uuid "^9.0.0"

"@tryghost/errors@1.3.8", "@tryghost/errors@^1.2.26", "@tryghost/errors@^1.2.3", "@tryghost/errors@^1.3.8":
"@tryghost/http-stream@^0.1.34", "@tryghost/http-stream@^0.1.37":
"@tryghost/logging@2.4.19":
  version "2.4.19"
  resolved "https://registry.yarnpkg.com/@tryghost/logging/-/logging-2.4.19.tgz#8aab372486268b6fc8e31615b6e79d59b299a44f"
  integrity sha512-NCCElue4AqvfhLnJLjDDR1uXBXQwfDOuGZTSI9/relqj+cfxwezQuPGG66EkPEB29ZAdtnHLOqMJTF2k6/s/hw==
  dependencies:
    "@tryghost/bunyan-rotating-filestream" "^0.0.7"
    "@tryghost/elasticsearch" "^3.0.22"
    "@tryghost/http-stream" "^0.1.34"
    "@tryghost/pretty-stream" "^0.1.27"
    "@tryghost/root-utils" "^0.3.31"
    bunyan "^1.8.15"
    bunyan-loggly "^1.4.2"
    fs-extra "^11.0.0"
    gelf-stream "^1.1.1"
    json-stringify-safe "^5.0.1"
    lodash "^4.17.21"

"@tryghost/logging@2.4.23", "@tryghost/logging@^2.4.23", "@tryghost/logging@^2.4.7":
"@tryghost/pretty-stream@^0.1.27":
  version "0.1.29"
  resolved "https://registry.yarnpkg.com/@tryghost/pretty-stream/-/pretty-stream-0.1.29.tgz#e0bbab7333a6cac38fdfa19d3da86aeaaded7f02"
  integrity sha512-HByPoCd5R63bRg34wZ4D7bfCeBsLTP3gLCi5xVsOnETxB4GiHHo31/vm+kI8pZd7mnWMre3nnDdVR0Sf72U0eQ==
  dependencies:
    date-format "^4.0.14"
    lodash "^4.17.21"
    prettyjson "^1.2.5"

"@tryghost/root-utils@0.3.33", "@tryghost/root-utils@^0.3.24", "@tryghost/root-utils@^0.3.31", "@tryghost/root-utils@^0.3.33":
"@vitest/coverage-v8@3.2.4":
  version "3.2.4"
  resolved "https://registry.yarnpkg.com/@vitest/coverage-v8/-/coverage-v8-3.2.4.tgz#a2d8d040288c1956a1c7d0a0e2cdcfc7a3319f13"
  integrity sha512-EyF9SXU6kS5Ku/U82E259WSnvg6c8KTjppUncuNdm5QHpe17mwREHnjDzozC8x9MZ0xfBUFSaLkRv4TMA75ALQ==
    "@ampproject/remapping" "^2.3.0"
    "@bcoe/v8-coverage" "^1.0.2"
    ast-v8-to-istanbul "^0.3.3"
    debug "^4.4.1"
    istanbul-lib-source-maps "^5.0.6"
    istanbul-reports "^3.1.7"
    magic-string "^0.30.17"
    magicast "^0.3.5"
    std-env "^3.9.0"
    test-exclude "^7.0.1"
    tinyrainbow "^2.0.0"
"@vitest/pretty-format@3.2.4", "@vitest/pretty-format@^3.2.4":
"@vitest/runner@3.2.4":
  version "3.2.4"
  resolved "https://registry.yarnpkg.com/@vitest/runner/-/runner-3.2.4.tgz#5ce0274f24a971f6500f6fc166d53d8382430766"
  integrity sha512-oukfKT9Mk41LreEW09vt45f8wx7DordoWUZMYdY/cyAk7w5TWkTRCNZYF7sX7n2wB7jyGAl74OxgwhPgKaqDMQ==
  dependencies:
    "@vitest/utils" "3.2.4"
    pathe "^2.0.3"
    strip-literal "^3.0.0"

"@vitest/snapshot@3.2.4":
  version "3.2.4"
  resolved "https://registry.yarnpkg.com/@vitest/snapshot/-/snapshot-3.2.4.tgz#40a8bc0346ac0aee923c0eefc2dc005d90bc987c"
  integrity sha512-dEYtS7qQP2CjU27QBC5oUOxLE/v5eLkGqPE0ZKEIDGMs4vKWe7IjgLOeauHsR0D5YuuycGRO5oSRXnwnmA78fQ==
  dependencies:
    "@vitest/pretty-format" "3.2.4"
    magic-string "^0.30.17"
    pathe "^2.0.3"

"@vitest/ui@3.2.4":
  version "3.2.4"
  resolved "https://registry.yarnpkg.com/@vitest/ui/-/ui-3.2.4.tgz#df8080537c1dcfeae353b2d3cb3301d9acafe04a"
  integrity sha512-hGISOaP18plkzbWEcP/QvtRW1xDXF2+96HbEX6byqQhAUbiS5oH6/9JwW+QsQCIYON2bI6QZBF+2PvOmrRZ9wA==
    "@vitest/utils" "3.2.4"
    fflate "^0.8.2"
    flatted "^3.3.3"
    pathe "^2.0.3"
    sirv "^3.0.1"
    tinyglobby "^0.2.14"
    tinyrainbow "^2.0.0"
ast-v8-to-istanbul@^0.3.3:
  version "0.3.5"
  resolved "https://registry.yarnpkg.com/ast-v8-to-istanbul/-/ast-v8-to-istanbul-0.3.5.tgz#9fba217c272dd8c2615603da5de3e1a460b4b9af"
  integrity sha512-9SdXjNheSiE8bALAQCQQuT6fgQaoxJh7IRYrRGZ8/9nv8WhJeC1aXAwN8TbaOssGOukUvyvnkgD9+Yuykvl1aA==
  dependencies:
    "@jridgewell/trace-mapping" "^0.3.30"
    estree-walker "^3.0.3"
    js-tokens "^9.0.1"

debug@^4.4.1:
  version "4.4.3"
  resolved "https://registry.yarnpkg.com/debug/-/debug-4.4.3.tgz#c6ae432d9bd9662582fce08709b038c58e9e3d6a"
  integrity sha512-RGwwWnwQvkVfavKVt22FGLw+xYSdzARwm0ru6DhTVA3umU5hZc28V3kO4stgYryrTlLpuvgI9GiijltAjNbcqA==
  dependencies:
    ms "^2.1.3"

es-module-lexer@^1.2.1, es-module-lexer@^1.7.0:
expect-type@^1.2.1:
  version "1.2.2"
  resolved "https://registry.yarnpkg.com/expect-type/-/expect-type-1.2.2.tgz#c030a329fb61184126c8447585bc75a7ec6fbff3"
  integrity sha512-JhFGDVJ7tmDJItKhYgJCGLOWjuK9vPxiXoUFLwLDc99NlmklilbiQJwoctZtt13+xMw91MCk/REan6MWHqDjyA==

fflate@^0.8.2:
flatted@^3.2.9, flatted@^3.3.3:
istanbul-lib-source-maps@^5.0.6:
istanbul-reports@^3.1.7:
  version "3.2.0"
  resolved "https://registry.yarnpkg.com/istanbul-reports/-/istanbul-reports-3.2.0.tgz#cb4535162b5784aa623cee21a7252cf2c807ac93"
  integrity sha512-HGYWWS/ehqTV3xN10i23tkPkpH46MLCIMFNCaaKNavAXTF1RkqxawEPtnjnGZ6XKSInBKkiOA5BKS+aZiY3AvA==
  dependencies:
    html-escaper "^2.0.0"
    istanbul-lib-report "^3.0.0"

jackspeak@^3.1.2:
  version "3.4.3"
  resolved "https://registry.yarnpkg.com/jackspeak/-/jackspeak-3.4.3.tgz#8833a9d89ab4acde6188942bd1c53b6390ed5a8a"
  integrity sha512-OGlZQpz2yfahA/Rd1Y8Cd9SIEsqvXkLVoSw/cgwhnhFMDbsQFeZYoJJ7bIZBS9BcamUW96asq/npPWugM+RQBw==
magicast@^0.3.5:
moment-timezone@0.5.45, moment-timezone@^0.5.23, moment-timezone@^0.5.31, moment-timezone@^0.5.33:
moment-timezone@^0.5.48:
  version "0.5.48"
  resolved "https://registry.yarnpkg.com/moment-timezone/-/moment-timezone-0.5.48.tgz#111727bb274734a518ae154b5ca589283f058967"
  integrity sha512-f22b8LV1gbTO2ms2j2z13MuPogNoh5UzxL3nzNAYKGraILnbGc9NEE6dyiiiLv46DGRb8A4kg8UKWLjPthxBHw==
  dependencies:
    moment "^2.29.4"

moment@2.24.0, moment@^2.10.2, moment@^2.18.1, moment@^2.19.3:
moment@2.27.0:
  version "2.27.0"
  resolved "https://registry.yarnpkg.com/moment/-/moment-2.27.0.tgz#8bff4e3e26a236220dfe3e36de756b6ebaa0105d"
  integrity sha512-al0MUK7cpIcglMv3YF13qSgdAIqxHTO7brRtaz3DlSULbqfazqkc5kEjNrLDOM7fsjshoFIihnU8snrP7zUvhQ==

moment@2.30.1, moment@^2.27.0, moment@^2.29.4:
  version "2.30.1"
  resolved "https://registry.yarnpkg.com/moment/-/moment-2.30.1.tgz#f8c91c07b7a786e30c59926df530b4eac96974ae"
  integrity sha512-uEmtNhbDOrWPFS+hdjFCBfy9f2YoyzRpwcl+DqpC6taX21FzsTLQVbMV/W7PzNSX6x/bhC1zA3c2UQ5NzH6how==

pathe@^2.0.1, pathe@^2.0.3:
sirv@^3.0.1:
  version "3.0.2"
  resolved "https://registry.yarnpkg.com/sirv/-/sirv-3.0.2.tgz#f775fccf10e22a40832684848d636346f41cd970"
  integrity sha512-2wcC/oGxHis/BoHkkPwldgiPSYcpZK3JU28WoMVv55yHJgcZ8rlXvuG9iZggz+sU1d4bRgIGASwyWqjxu3FM0g==
std-env@^3.3.3, std-env@^3.5.0, std-env@^3.9.0:
strip-literal@^3.0.0:
  version "3.1.0"
  resolved "https://registry.yarnpkg.com/strip-literal/-/strip-literal-3.1.0.tgz#222b243dd2d49c0bcd0de8906adbd84177196032"
  integrity sha512-8r3mkIM/2+PpjHoOtiAW8Rg3jJLHaV7xPwG+YRGrv6FP0wwk/toTpATxWYOW0BKdWwl82VT2tFYi5DlROa0Mxg==
  dependencies:
    js-tokens "^9.0.1"

tinybench@^2.5.1, tinybench@^2.9.0:
tinyexec@^0.3.2:
  version "0.3.2"
  resolved "https://registry.yarnpkg.com/tinyexec/-/tinyexec-0.3.2.tgz#941794e657a85e496577995c6eef66f53f42b3d2"
  integrity sha512-KQQR9yN7R5+OSwaK0XQoj22pwHoTlgYqmUscPYoknOoWCWfj/5/ABTMRi69FrKU5ffPVh5QcFikpWJI/P1ocHA==

tinyglobby@^0.2.12, tinyglobby@^0.2.14, tinyglobby@^0.2.15:
tinypool@^1.1.1:
  version "1.1.1"
  resolved "https://registry.yarnpkg.com/tinypool/-/tinypool-1.1.1.tgz#059f2d042bd37567fbc017d3d426bdd2a2612591"
  integrity sha512-Zba82s87IFq9A9XmjiX5uZA/ARWDrB03OHlq+Vw1fSdt0I+4/Kutwy8BP4Y/y/aORMo61FQ0vIb5j44vSo5Pkg==

vite-node@3.2.4:
  version "3.2.4"
  resolved "https://registry.yarnpkg.com/vite-node/-/vite-node-3.2.4.tgz#f3676d94c4af1e76898c162c92728bca65f7bb07"
  integrity sha512-EbKSKh+bh1E1IFxeO0pg1n4dvoOTt0UDiXMd/qn++r98+jPO1xtJilvXldeuQ8giIB5IkpjCgMleHMNEsGH6pg==
  dependencies:
    cac "^6.7.14"
    debug "^4.4.1"
    es-module-lexer "^1.7.0"
    pathe "^2.0.3"
    vite "^5.0.0 || ^6.0.0 || ^7.0.0-0"

vite@7.1.9, "vite@^5.0.0 || ^6.0.0 || ^7.0.0-0":
vitest@3.2.4:
  version "3.2.4"
  resolved "https://registry.yarnpkg.com/vitest/-/vitest-3.2.4.tgz#0637b903ad79d1539a25bc34c0ed54b5c67702ea"
  integrity sha512-LUCP5ev3GURDysTWiP47wRRUpLKMOfPh+yKTx3kVIEiu5KOMeqzpnYNsKyOoVrULivR8tLcks4+lga33Whn90A==
  dependencies:
    "@types/chai" "^5.2.2"
    "@vitest/expect" "3.2.4"
    "@vitest/mocker" "3.2.4"
    "@vitest/pretty-format" "^3.2.4"
    "@vitest/runner" "3.2.4"
    "@vitest/snapshot" "3.2.4"
    "@vitest/spy" "3.2.4"
    "@vitest/utils" "3.2.4"
    chai "^5.2.0"
    debug "^4.4.1"
    expect-type "^1.2.1"
    magic-string "^0.30.17"
    pathe "^2.0.3"
    picomatch "^4.0.2"
    std-env "^3.9.0"
    tinybench "^2.9.0"
    tinyexec "^0.3.2"
    tinyglobby "^0.2.14"
    tinypool "^1.1.1"
    tinyrainbow "^2.0.0"
    vite "^5.0.0 || ^6.0.0 || ^7.0.0-0"
    vite-node "3.2.4"
    why-is-node-running "^2.3.0"

why-is-node-running@^2.2.2, why-is-node-running@^2.3.0:
