# THIS IS AN AUTOGENERATED FILE. DO NOT EDIT THIS FILE DIRECTLY.
# yarn lockfile v1


"@babel/helper-string-parser@^7.29.7":
  version "7.29.7"
  resolved "https://registry.yarnpkg.com/@babel/helper-string-parser/-/helper-string-parser-7.29.7.tgz#7f0871d99824d23137d60f86fcf6130fd5a1b51f"
  integrity sha512-Pb5ijPrZ89GDH8223L4UP8i6QApWxs04RbPQJTeWDV0/keR2E36MeKnyr6LYmUUvqRRI+Iv87SuF1W6ErINzYw==

"@babel/helper-validator-identifier@^7.29.7":
  version "7.29.7"
  resolved "https://registry.yarnpkg.com/@babel/helper-validator-identifier/-/helper-validator-identifier-7.29.7.tgz#bd87084ced0c796ec46bda492de6e83d29e89fc2"
  integrity sha512-qehxGkRj55h/ff8EMaJ+cYhyaKlHIxqYDn682wQD7RNp9UujOQsHog2uS0r2vzr4pW+sXf90NeeayjcNaX3fFg==

"@babel/parser@^7.29.3":
  version "7.29.7"
  resolved "https://registry.yarnpkg.com/@babel/parser/-/parser-7.29.7.tgz#837b87387cbf5ec5530cb634b3c622f68edb9334"
  integrity sha512-hnORnjP/1P/zFEndoeX+n+t1RwWRJiJpM/jO7FW32Kn9r5+sJB2JWOdYo4L6k78j15eCwY3Gm/7364B1EMwtNg==
  dependencies:
    "@babel/types" "^7.29.7"

"@babel/types@^7.29.0", "@babel/types@^7.29.7":
  version "7.29.7"
  resolved "https://registry.yarnpkg.com/@babel/types/-/types-7.29.7.tgz#8005e31d82712ee7adaef6e23c63b71a62770a92"
  integrity sha512-4zBIxpPzowiZpusoFkyGVwakdRJUyuH5PxQ/PrqghfdFWWasvnCdPfQXHrenDai+gyLARulZjZowCOj6fjT4pA==
  dependencies:
    "@babel/helper-string-parser" "^7.29.7"
    "@babel/helper-validator-identifier" "^7.29.7"

"@bcoe/v8-coverage@^1.0.2":
  version "1.0.2"
  resolved "https://registry.yarnpkg.com/@bcoe/v8-coverage/-/v8-coverage-1.0.2.tgz#bbe12dca5b4ef983a0d0af4b07b9bc90ea0ababa"
  integrity sha512-6zABk/ECA/QYSCQ1NGiVwwbQerUCZ+TQbp64Q3AgmfNvurHH0j8TtXa1qbShXA6qqkpAj4V5W8pP6mLe1mcMqA==

"@emnapi/core@1.10.0":
  version "1.10.0"
  resolved "https://registry.yarnpkg.com/@emnapi/core/-/core-1.10.0.tgz#380ccc8f2412ea22d1d972df7f8ee23a3b9c7467"
  integrity sha512-yq6OkJ4p82CAfPl0u9mQebQHKPJkY7WrIuk205cTYnYe+k2Z8YBh11FrbRG/H6ihirqcacOgl2BIO8oyMQLeXw==
  dependencies:
    "@emnapi/wasi-threads" "1.2.1"
    tslib "^2.4.0"

"@emnapi/runtime@1.10.0":
  version "1.10.0"
  resolved "https://registry.yarnpkg.com/@emnapi/runtime/-/runtime-1.10.0.tgz#4b260c0d3534204e98c6110b8db1a987d26ec87c"
  integrity sha512-ewvYlk86xUoGI0zQRNq/mC+16R1QeDlKQy21Ki3oSYXNgLb45GV1P6A0M+/s6nyCuNDqe5VpaY84BzXGwVbwFA==
  dependencies:
    tslib "^2.4.0"

"@emnapi/wasi-threads@1.2.1":
  version "1.2.1"
  resolved "https://registry.yarnpkg.com/@emnapi/wasi-threads/-/wasi-threads-1.2.1.tgz#28fed21a1ba1ce797c44a070abc94d42f3ae8548"
  integrity sha512-uTII7OYF+/Mes/MrcIOYp5yOtSMLBWSIoLPpcgwipoiKbli6k322tcoFsxoIIxPDqW01SQGAgko4EzZi2BNv2w==
  dependencies:
    tslib "^2.4.0"

"@jridgewell/resolve-uri@^3.1.0":
  version "3.1.2"
  resolved "https://registry.yarnpkg.com/@jridgewell/resolve-uri/-/resolve-uri-3.1.2.tgz#7a0ee601f60f99a20c7c7c5ff0c80388c1189bd6"
  integrity sha512-bRISgCIjP20/tbWSPWMEi54QVPRZExkuD9lJL+UIxUKtwVJA8wW1Trb1jMs1RFXo1CBTNZ/5hpC9QvmKWdopKw==

"@jridgewell/sourcemap-codec@^1.4.14", "@jridgewell/sourcemap-codec@^1.5.5":
  version "1.5.5"
  resolved "https://registry.yarnpkg.com/@jridgewell/sourcemap-codec/-/sourcemap-codec-1.5.5.tgz#6912b00d2c631c0d15ce1a7ab57cd657f2a8f8ba"
  integrity sha512-cYQ9310grqxueWbl+WuIUIaiUaDcj7WOq5fVhEljNVgRfOUhY9fy2zTvfoqWsnebh8Sl70VScFbICvJnLKB0Og==

"@jridgewell/trace-mapping@^0.3.31":
  version "0.3.31"
  resolved "https://registry.yarnpkg.com/@jridgewell/trace-mapping/-/trace-mapping-0.3.31.tgz#db15d6781c931f3a251a3dac39501c98a6082fd0"
  integrity sha512-zzNR+SdQSDJzc8joaeP8QQoCQr8NuYx2dIIytl1QeBEZHJ9uW6hebsrYgbz8hJwUQao3TWCMtmfV8Nu1twOLAw==
  dependencies:
    "@jridgewell/resolve-uri" "^3.1.0"
    "@jridgewell/sourcemap-codec" "^1.4.14"

"@napi-rs/wasm-runtime@^1.1.4":
  version "1.1.5"
  resolved "https://registry.yarnpkg.com/@napi-rs/wasm-runtime/-/wasm-runtime-1.1.5.tgz#cccd6ebc40b991dea6936f9126b1b8155b6c4c95"
  integrity sha512-AWPoBRJ9tsnVhor4sjO7rkni+7p+2IAEFj6cx06UgP10jkQHqay/36uRV/bFkgrh18D9vb4cr8Q0Pthskgzy+Q==
  dependencies:
    "@tybys/wasm-util" "^0.10.2"

"@oxc-project/types@=0.133.0":
  version "0.133.0"
  resolved "https://registry.yarnpkg.com/@oxc-project/types/-/types-0.133.0.tgz#2e282ef9e1d26e06b68ccd14b73f310a3b2cf7f8"
  integrity sha512-KzkdCd6Uxqnf6l3HOw1xfatAlUURA0g14cvBYFyJ5SaNOQbOUvBr9PKArcPcrNIeRsBdgcUzOGrhKveVpvOIGA==

"@oxlint/binding-android-arm-eabi@1.56.0":
  version "1.56.0"
  resolved "https://registry.yarnpkg.com/@oxlint/binding-android-arm-eabi/-/binding-android-arm-eabi-1.56.0.tgz#c62ca8fb50d8134cfcd107d98ff5c43cadbebd81"
  integrity sha512-IyfYPthZyiSKwAv/dLjeO18SaK8MxLI9Yss2JrRDyweQAkuL3LhEy7pwIwI7uA3KQc1Vdn20kdmj3q0oUIQL6A==

"@oxlint/binding-android-arm64@1.56.0":
  version "1.56.0"
  resolved "https://registry.yarnpkg.com/@oxlint/binding-android-arm64/-/binding-android-arm64-1.56.0.tgz#685525cd82ecd1106913da63454b3d263550432b"
  integrity sha512-Ga5zYrzH6vc/VFxhn6MmyUnYEfy9vRpwTIks99mY3j6Nz30yYpIkWryI0QKPCgvGUtDSXVLEaMum5nA+WrNOSg==

"@oxlint/binding-darwin-arm64@1.56.0":
  version "1.56.0"
  resolved "https://registry.yarnpkg.com/@oxlint/binding-darwin-arm64/-/binding-darwin-arm64-1.56.0.tgz#4794c4775840137d26401f86476dbc5b56d3f23e"
  integrity sha512-ogmbdJysnw/D4bDcpf1sPLpFThZ48lYp4aKYm10Z/6Nh1SON6NtnNhTNOlhEY296tDFItsZUz+2tgcSYqh8Eyw==

"@oxlint/binding-darwin-x64@1.56.0":
  version "1.56.0"
  resolved "https://registry.yarnpkg.com/@oxlint/binding-darwin-x64/-/binding-darwin-x64-1.56.0.tgz#5e1be617a6a23d1f5973d2d12c4e004a77cd7085"
  integrity sha512-x8QE1h+RAtQ2g+3KPsP6Fk/tdz6zJQUv5c7fTrJxXV3GHOo+Ry5p/PsogU4U+iUZg0rj6hS+E4xi+mnwwlDCWQ==

"@oxlint/binding-freebsd-x64@1.56.0":
  version "1.56.0"
  resolved "https://registry.yarnpkg.com/@oxlint/binding-freebsd-x64/-/binding-freebsd-x64-1.56.0.tgz#04502145f8e7f2ee84c8ea200ed0a59f3a298f0a"
  integrity sha512-6G+WMZvwJpMvY7my+/SHEjb7BTk/PFbePqLpmVmUJRIsJMy/UlyYqjpuh0RCgYYkPLcnXm1rUM04kbTk8yS1Yg==

"@oxlint/binding-linux-arm-gnueabihf@1.56.0":
  version "1.56.0"
  resolved "https://registry.yarnpkg.com/@oxlint/binding-linux-arm-gnueabihf/-/binding-linux-arm-gnueabihf-1.56.0.tgz#c97cc9ee8e725483bf9dee078ef008d637159178"
  integrity sha512-YYHBsk/sl7fYwQOok+6W5lBPeUEvisznV/HZD2IfZmF3Bns6cPC3Z0vCtSEOaAWTjYWN3jVsdu55jMxKlsdlhg==

"@oxlint/binding-linux-arm-musleabihf@1.56.0":
  version "1.56.0"
  resolved "https://registry.yarnpkg.com/@oxlint/binding-linux-arm-musleabihf/-/binding-linux-arm-musleabihf-1.56.0.tgz#ed2d5a200eab3825f4bb7cf1a1c33c3f63722397"
  integrity sha512-+AZK8rOUr78y8WT6XkDb04IbMRqauNV+vgT6f8ZLOH8wnpQ9i7Nol0XLxAu+Cq7Sb+J9wC0j6Km5hG8rj47/yQ==

"@oxlint/binding-linux-arm64-gnu@1.56.0":
  version "1.56.0"
  resolved "https://registry.yarnpkg.com/@oxlint/binding-linux-arm64-gnu/-/binding-linux-arm64-gnu-1.56.0.tgz#e195667892d7fd104582fcaaf7c687aeef77e7d8"
  integrity sha512-urse2SnugwJRojUkGSSeH2LPMaje5Q50yQtvtL9HFckiyeqXzoFwOAZqD5TR29R2lq7UHidfFDM9EGcchcbb8A==

"@oxlint/binding-linux-arm64-musl@1.56.0":
  version "1.56.0"
  resolved "https://registry.yarnpkg.com/@oxlint/binding-linux-arm64-musl/-/binding-linux-arm64-musl-1.56.0.tgz#2e0abc6e034d0d6669715075173fa3bae79ec08e"
  integrity sha512-rkTZkBfJ4TYLjansjSzL6mgZOdN5IvUnSq3oNJSLwBcNvy3dlgQtpHPrRxrCEbbcp7oQ6If0tkNaqfOsphYZ9g==

"@oxlint/binding-linux-ppc64-gnu@1.56.0":
  version "1.56.0"
  resolved "https://registry.yarnpkg.com/@oxlint/binding-linux-ppc64-gnu/-/binding-linux-ppc64-gnu-1.56.0.tgz#e681dcf14e1ce99c6a440a64c3a3ba9d1415ffb6"
  integrity sha512-uqL1kMH3u69/e1CH2EJhP3CP28jw2ExLsku4o8RVAZ7fySo9zOyI2fy9pVlTAp4voBLVgzndXi3SgtdyCTa2aA==

"@oxlint/binding-linux-riscv64-gnu@1.56.0":
  version "1.56.0"
  resolved "https://registry.yarnpkg.com/@oxlint/binding-linux-riscv64-gnu/-/binding-linux-riscv64-gnu-1.56.0.tgz#ac1f7ebd85abc913474f4428eb6bb568f0d2b8ea"
  integrity sha512-j0CcMBOgV6KsRaBdsebIeiy7hCjEvq2KdEsiULf2LZqAq0v1M1lWjelhCV57LxsqaIGChXFuFJ0RiFrSRHPhSg==

"@oxlint/binding-linux-riscv64-musl@1.56.0":
  version "1.56.0"
  resolved "https://registry.yarnpkg.com/@oxlint/binding-linux-riscv64-musl/-/binding-linux-riscv64-musl-1.56.0.tgz#92a2c407404b13647eaec274ce59eca389df24d1"
  integrity sha512-7VDOiL8cDG3DQ/CY3yKjbV1c4YPvc4vH8qW09Vv+5ukq3l/Kcyr6XGCd5NvxUmxqDb2vjMpM+eW/4JrEEsUetA==

"@oxlint/binding-linux-s390x-gnu@1.56.0":
  version "1.56.0"
  resolved "https://registry.yarnpkg.com/@oxlint/binding-linux-s390x-gnu/-/binding-linux-s390x-gnu-1.56.0.tgz#bf38537cff65fca07c4fc5ce665ea17099cb8601"
  integrity sha512-JGRpX0M+ikD3WpwJ7vKcHKV6Kg0dT52BW2Eu2BupXotYeqGXBrbY+QPkAyKO6MNgKozyTNaRh3r7g+VWgyAQYQ==

"@oxlint/binding-linux-x64-gnu@1.56.0":
  version "1.56.0"
  resolved "https://registry.yarnpkg.com/@oxlint/binding-linux-x64-gnu/-/binding-linux-x64-gnu-1.56.0.tgz#14f3978d59e132e8b32036eb088a5a450a37a904"
  integrity sha512-dNaICPvtmuxFP/VbqdofrLqdS3bM/AKJN3LMJD52si44ea7Be1cBk6NpfIahaysG9Uo+L98QKddU9CD5L8UHnQ==

"@oxlint/binding-linux-x64-musl@1.56.0":
  version "1.56.0"
  resolved "https://registry.yarnpkg.com/@oxlint/binding-linux-x64-musl/-/binding-linux-x64-musl-1.56.0.tgz#a601f23531cff6057dc4a9eb8c96cc2b6100f26d"
  integrity sha512-pF1vOtM+GuXmbklM1hV8WMsn6tCNPvkUzklj/Ej98JhlanbmA2RB1BILgOpwSuCTRTIYx2MXssmEyQQ90QF5aA==

"@oxlint/binding-openharmony-arm64@1.56.0":
  version "1.56.0"
  resolved "https://registry.yarnpkg.com/@oxlint/binding-openharmony-arm64/-/binding-openharmony-arm64-1.56.0.tgz#1be4f2186ab23695f274173881ef7f1c25c1165b"
  integrity sha512-bp8NQ4RE6fDIFLa4bdBiOA+TAvkNkg+rslR+AvvjlLTYXLy9/uKAYLQudaQouWihLD/hgkrXIKKzXi5IXOewwg==

"@oxlint/binding-win32-arm64-msvc@1.56.0":
  version "1.56.0"
  resolved "https://registry.yarnpkg.com/@oxlint/binding-win32-arm64-msvc/-/binding-win32-arm64-msvc-1.56.0.tgz#f0fe81f7ceba13b846a9470d8004ad5c45999642"
  integrity sha512-PxT4OJDfMOQBzo3OlzFb9gkoSD+n8qSBxyVq2wQSZIHFQYGEqIRTo9M0ZStvZm5fdhMqaVYpOnJvH2hUMEDk/g==

"@oxlint/binding-win32-ia32-msvc@1.56.0":
  version "1.56.0"
  resolved "https://registry.yarnpkg.com/@oxlint/binding-win32-ia32-msvc/-/binding-win32-ia32-msvc-1.56.0.tgz#ee097fa11e7bacdbb3f925f8aca14ed1fce8a51e"
  integrity sha512-PTRy6sIEPqy2x8PTP1baBNReN/BNEFmde0L+mYeHmjXE1Vlcc9+I5nsqENsB2yAm5wLkzPoTNCMY/7AnabT4/A==

"@oxlint/binding-win32-x64-msvc@1.56.0":
  version "1.56.0"
  resolved "https://registry.yarnpkg.com/@oxlint/binding-win32-x64-msvc/-/binding-win32-x64-msvc-1.56.0.tgz#68cc0cd4bc9da1ccff9164ef1779bbcde369cb4d"
  integrity sha512-ZHa0clocjLmIDr+1LwoWtxRcoYniAvERotvwKUYKhH41NVfl0Y4LNbyQkwMZzwDvKklKGvGZ5+DAG58/Ik47tQ==

"@rolldown/binding-android-arm64@1.0.3":
  version "1.0.3"
  resolved "https://registry.yarnpkg.com/@rolldown/binding-android-arm64/-/binding-android-arm64-1.0.3.tgz#54ce8f8382213f4a314a0c2f7ba83f81ffeae592"
  integrity sha512-454rs7jHngixp/NMxd5srYD57OnzSlZ/eFTETjORQHLwJG1lRtmNOJcBerZlfu4GjKqeq8aCCIQrMdHyhI51Hw==

"@rolldown/binding-darwin-arm64@1.0.3":
  version "1.0.3"
  resolved "https://registry.yarnpkg.com/@rolldown/binding-darwin-arm64/-/binding-darwin-arm64-1.0.3.tgz#388fca1566c14c00c4b446fc3928630e7f0d95fc"
  integrity sha512-PcAhP+ynjURNyy8SKGl5DQP94aGuB/7JrXJb/t7P+hanXvQVMWzUvRRhBAcg/lNRadBhoUPqSoP4xw5tR/KBEA==

"@rolldown/binding-darwin-x64@1.0.3":
  version "1.0.3"
  resolved "https://registry.yarnpkg.com/@rolldown/binding-darwin-x64/-/binding-darwin-x64-1.0.3.tgz#53f57de1f599ecf1db13823cfc88c18fb80954ad"
  integrity sha512-9YpfeUvSE2RS7wysJ81uOZkXJz7f7Q55H2Gvp3VEw/EsahqDtrphrZ0EwDLK5vvKOzaCrBsjF8JmnMLcUt78Gg==

"@rolldown/binding-freebsd-x64@1.0.3":
  version "1.0.3"
  resolved "https://registry.yarnpkg.com/@rolldown/binding-freebsd-x64/-/binding-freebsd-x64-1.0.3.tgz#6f3fdda1b7aeaac9d268a526804b4fb96e4e35f1"
  integrity sha512-yB1IlAsSNHncV6SCTL27/MVGR5htvQsoGxIv5KMGXALp+Ll1wYsn+x98M9MW7qa+NdSbvrrY7ANI4wLJ0n1e6g==

"@rolldown/binding-linux-arm-gnueabihf@1.0.3":
  version "1.0.3"
  resolved "https://registry.yarnpkg.com/@rolldown/binding-linux-arm-gnueabihf/-/binding-linux-arm-gnueabihf-1.0.3.tgz#d87a454bf585cc9676849377e91d6e375297326f"
  integrity sha512-Yi30IVAAfLUCy2MseFjbB1jAMDl1VMCAas5StnYp8da9+CKvMd2H2cbEjWcw5NPaPqzvYkVIaF1nNUG+b7u/sw==

"@rolldown/binding-linux-arm64-gnu@1.0.3":
  version "1.0.3"
  resolved "https://registry.yarnpkg.com/@rolldown/binding-linux-arm64-gnu/-/binding-linux-arm64-gnu-1.0.3.tgz#419fd6bf612cf348f10528cbcd94ebab9607d8d1"
  integrity sha512-jsO7R8To+AdlYgUmN5sHSCZbfhtMBkO0WUx8iORQnPcMMdgr7qM2DQmMwgabs3GhNztdmoKkMKQFHD6DTMCIQw==

"@rolldown/binding-linux-arm64-musl@1.0.3":
  version "1.0.3"
  resolved "https://registry.yarnpkg.com/@rolldown/binding-linux-arm64-musl/-/binding-linux-arm64-musl-1.0.3.tgz#fcc6918696bb76844877e1e4930a18fd0d374069"
  integrity sha512-VWkUHwWriDciit80wleYwKILoR/KMvxh/IdwS/paX+ZgpuRpCrKLUdadJbc0NpBEiyhpYawsJ73j9aCvOH+f7Q==

"@rolldown/binding-linux-ppc64-gnu@1.0.3":
  version "1.0.3"
  resolved "https://registry.yarnpkg.com/@rolldown/binding-linux-ppc64-gnu/-/binding-linux-ppc64-gnu-1.0.3.tgz#32aecb7c8dae5d4f2a8cde57a058ec86991542f8"
  integrity sha512-5f1laC0SlIR0yDbFCd8acUhvJIag6N3zC5P7oUPN6wX0aOma+uKJ0wBDH5aq7I1PVI2ttTlhJwzwRIBnLiSGEg==

"@rolldown/binding-linux-s390x-gnu@1.0.3":
  version "1.0.3"
  resolved "https://registry.yarnpkg.com/@rolldown/binding-linux-s390x-gnu/-/binding-linux-s390x-gnu-1.0.3.tgz#bed9346ea81e6bb8b93cf11f5d88b77db890b763"
  integrity sha512-Iq4ko0r4XsgbrF/LunNgHtAGLRRVE2kXonAXQ/MV0mC6jQpMOhW1SvtZja2EhC/kd05++bP78dsqBeIQyYJ6Yg==

"@rolldown/binding-linux-x64-gnu@1.0.3":
  version "1.0.3"
  resolved "https://registry.yarnpkg.com/@rolldown/binding-linux-x64-gnu/-/binding-linux-x64-gnu-1.0.3.tgz#64c2d26f75dffd9b5a1f97557a00ae77250c8cb7"
  integrity sha512-B8m6tD5+/N5FeNQFbKlLA/2yVq9ycQP1SeedyEYYKWBNR3ZQbkvIUcNnDNM03lO1l5F2roiiFJGgvoLLyZXtSg==

"@rolldown/binding-linux-x64-musl@1.0.3":
  version "1.0.3"
  resolved "https://registry.yarnpkg.com/@rolldown/binding-linux-x64-musl/-/binding-linux-x64-musl-1.0.3.tgz#5a45132e8a47659eeaaf3b540c2954a97c860ff3"
  integrity sha512-pSdpdUJHkuCxun9LE7jvgUB9qsRgaiyNNCX7m/AvHTcq67AiT/Yhoxvw5zPfhrM8k/BfP8ce/hMOpthKDpEUow==

"@rolldown/binding-openharmony-arm64@1.0.3":
  version "1.0.3"
  resolved "https://registry.yarnpkg.com/@rolldown/binding-openharmony-arm64/-/binding-openharmony-arm64-1.0.3.tgz#290513068c55e849dc8457a32afee1d7b0acb309"
  integrity sha512-OXXS3RKJgX2uLwM+gYyuH5omcH8fL1LJs96pZGgtetVCahON57+d4SJHzTgZiOjxgGkSnpXpOsWuPDGAKAigEg==

"@rolldown/binding-wasm32-wasi@1.0.3":
  version "1.0.3"
  resolved "https://registry.yarnpkg.com/@rolldown/binding-wasm32-wasi/-/binding-wasm32-wasi-1.0.3.tgz#3d9972dbf1a953d3c7afaa4a0f20ef2b2e39f31b"
  integrity sha512-JTtb8BWFynicNSoPrehsCzBtOKjZ6jhMiPFEmOiuXg1Fl8dn2KHQob+GuPSGR0dryQa1PQJbzjF3dqO/whhjLg==
  dependencies:
    "@emnapi/core" "1.10.0"
    "@emnapi/runtime" "1.10.0"
    "@napi-rs/wasm-runtime" "^1.1.4"

"@rolldown/binding-win32-arm64-msvc@1.0.3":
  version "1.0.3"
  resolved "https://registry.yarnpkg.com/@rolldown/binding-win32-arm64-msvc/-/binding-win32-arm64-msvc-1.0.3.tgz#a004ab607a16d6f03bcb555728ff888af75773ad"
  integrity sha512-gEdFFEN70A/jxb2svrWsN3aDL7OUtmvlOy+6fa2jxG8K0wQ1ZbdeLGnidov6Yu5/733dI5ySfzFlQ/cb0bSz1g==

"@rolldown/binding-win32-x64-msvc@1.0.3":
  version "1.0.3"
  resolved "https://registry.yarnpkg.com/@rolldown/binding-win32-x64-msvc/-/binding-win32-x64-msvc-1.0.3.tgz#e2a25b34691a1cc8a1209d7de709063026dd0cdb"
  integrity sha512-eXB7CHuaQdqmJcc3koCNtNPmT/bj2gc999kUFgBxG8Ac0NdgXc4rkCHhqrgrhN3zddvvvrgzj1e90SuSfmyIXA==

"@rolldown/pluginutils@^1.0.0":
  version "1.0.1"
  resolved "https://registry.yarnpkg.com/@rolldown/pluginutils/-/pluginutils-1.0.1.tgz#e3fcee093fbb5ce765e1ad088ff4de2889f6f9be"
  integrity sha512-2j9bGt5Jh8hj+vPtgzPtl72j0yRxHAyumoo6TNfAjsLB04UtpSvPbPcDcBMxz7n+9CYB0c1GxQFxYRg2jimqGw==

"@standard-schema/spec@^1.1.0":
  version "1.1.0"
  resolved "https://registry.yarnpkg.com/@standard-schema/spec/-/spec-1.1.0.tgz#a79b55dbaf8604812f52d140b2c9ab41bc150bb8"
  integrity sha512-l2aFy5jALhniG5HgqrD6jXLi/rUWrKvqN/qJx6yoJsgKhblVd+iqqU4RCXavm/jPityDo5TCvKMnpjKnOriy0w==

"@tybys/wasm-util@^0.10.2":
  version "0.10.2"
  resolved "https://registry.yarnpkg.com/@tybys/wasm-util/-/wasm-util-0.10.2.tgz#12b3a1b33db1f9cad4ddff1f604ab7dd00bf464e"
  integrity sha512-RoBvJ2X0wuKlWFIjrwffGw1IqZHKQqzIchKaadZZfnNpsAYp2mM0h36JtPCjNDAHGgYez/15uMBpfGwchhiMgg==
  dependencies:
    tslib "^2.4.0"

"@types/chai@^5.2.2":
  version "5.2.3"
  resolved "https://registry.yarnpkg.com/@types/chai/-/chai-5.2.3.tgz#8e9cd9e1c3581fa6b341a5aed5588eb285be0b4a"
  integrity sha512-Mw558oeA9fFbv65/y4mHtXDs9bPnFMZAL/jxdPFUpOHHIXX91mcgEHbS5Lahr+pwZFR8A7GQleRWeI6cGFC2UA==
  dependencies:
    "@types/deep-eql" "*"
    assertion-error "^2.0.1"

"@types/deep-eql@*":
  version "4.0.2"
  resolved "https://registry.yarnpkg.com/@types/deep-eql/-/deep-eql-4.0.2.tgz#334311971d3a07121e7eb91b684a605e7eea9cbd"
  integrity sha512-c9h9dVVMigMPc4bwTvC5dxqtqJZwQPePsWjPlpSOnojbor6pGqdk541lfA7AqFQr5pB1BRdq0juY9db81BwyFw==

"@types/estree@^1.0.0":
  version "1.0.9"
  resolved "https://registry.yarnpkg.com/@types/estree/-/estree-1.0.9.tgz#cf3f0e876d7bee15a93ab925b82bf570a3904a24"
  integrity sha512-GhdPgy1el4/ImP05X05Uw4cw2/M93BCUmnEvWZNStlCzEKME4Fkk+YpoA5OiHNQmoS7Cafb8Xa3Pya8m1Qrzeg==

"@vitest/coverage-v8@4.1.8":
  version "4.1.8"
  resolved "https://registry.yarnpkg.com/@vitest/coverage-v8/-/coverage-v8-4.1.8.tgz#6a5dd34552840a0ace0396d0e94c7459beb80d14"
  integrity sha512-lt3kovsyHwYe00wq4D1ti0Z974fWj4NLp6siqiyEufUpyFwK9Yhi7rBhac9JL5aA0zoMrJqc4vYPZRUnI7l7nw==
  dependencies:
    "@bcoe/v8-coverage" "^1.0.2"
    "@vitest/utils" "4.1.8"
    ast-v8-to-istanbul "^1.0.0"
    istanbul-lib-coverage "^3.2.2"
    istanbul-lib-report "^3.0.1"
    istanbul-reports "^3.2.0"
    magicast "^0.5.2"
    obug "^2.1.1"
    std-env "^4.0.0-rc.1"
    tinyrainbow "^3.1.0"

"@vitest/expect@4.1.8":
  version "4.1.8"
  resolved "https://registry.yarnpkg.com/@vitest/expect/-/expect-4.1.8.tgz#45154f1f8559f55c5281eb0dcb1ac37b581a87d8"
  integrity sha512-h3nDO677RDLEGlBxyQ5CW8RlMThSKSRLUePLOx09gNIWRL40edgA1GCZSZgf1W55MFAG6/Sw14KeaAnqv0NKdQ==
  dependencies:
    "@standard-schema/spec" "^1.1.0"
    "@types/chai" "^5.2.2"
    "@vitest/spy" "4.1.8"
    "@vitest/utils" "4.1.8"
    chai "^6.2.2"
    tinyrainbow "^3.1.0"

"@vitest/mocker@4.1.8":
  version "4.1.8"
  resolved "https://registry.yarnpkg.com/@vitest/mocker/-/mocker-4.1.8.tgz#d006bfc5894a1af51e74deddef2535d6bd436b16"
  integrity sha512-LEiN/xe4OSIbKe9HQIp5OC24agGD9J5CnmMgsLohVVoOPWL9a2sBoR6VBx43jQZb7Kr1l4RCuyCJzcAa0+dojw==
  dependencies:
    "@vitest/spy" "4.1.8"
    estree-walker "^3.0.3"
    magic-string "^0.30.21"

"@vitest/pretty-format@4.1.8":
  version "4.1.8"
  resolved "https://registry.yarnpkg.com/@vitest/pretty-format/-/pretty-format-4.1.8.tgz#d9d2e248b900d7ad9556c4374fcdf1871c615193"
  integrity sha512-9GasEBxpZ1VYIpqHf/0+YGg121uSNwCKOJqIrTwWP/TB7DmFCiaBpNl3aPZzoLWfWkuqhbH8vJIVobZkvdo2cA==
  dependencies:
    tinyrainbow "^3.1.0"

"@vitest/runner@4.1.8":
  version "4.1.8"
  resolved "https://registry.yarnpkg.com/@vitest/runner/-/runner-4.1.8.tgz#4631808f3996359b74ccc3ca262990e14c295d50"
  integrity sha512-EmVxeBAfMJvycdjd6Hm+RbFBbA9fKvo0Kx37hNpBYoYeavH3RNsBXWDooR1mgD52dCrxIIuP7UotpfiwOikvcg==
  dependencies:
    "@vitest/utils" "4.1.8"
    pathe "^2.0.3"

"@vitest/snapshot@4.1.8":
  version "4.1.8"
  resolved "https://registry.yarnpkg.com/@vitest/snapshot/-/snapshot-4.1.8.tgz#37470135d64ea11bb2a839b1c6b7f5de7018f6ee"
  integrity sha512-acfZboRmAIf05DEKcBQy33VXojFJjtUdLyo7oOmV9kebb2xdU01UknNiPuPZoJZQyO7DF0gZdTGTpeAzET9QPQ==
  dependencies:
    "@vitest/pretty-format" "4.1.8"
    "@vitest/utils" "4.1.8"
    magic-string "^0.30.21"
    pathe "^2.0.3"

"@vitest/spy@4.1.8":
  version "4.1.8"
  resolved "https://registry.yarnpkg.com/@vitest/spy/-/spy-4.1.8.tgz#3abfe9301d25c39f808dcaa9f10fec0dd370e564"
  integrity sha512-6EevtBp6OZOPF7bmz36HrGMeP3txgVSrgebWxHOafDXGkhIzfXK14f8KF6MuFfgXXUeHxmpD3BQxkV00/3s5mA==

"@vitest/utils@4.1.8":
  version "4.1.8"
  resolved "https://registry.yarnpkg.com/@vitest/utils/-/utils-4.1.8.tgz#099ea5255cec08735410cf707edaba2c158c5ad9"
  integrity sha512-uOJamYALNhfJ6iolExyQM40yIQwDqYnkKtQ5VCiSe17E33H0aQ/u+1GlRuz4LZBk6Mm3sg90G9hEbmEt37C1Zg==
  dependencies:
    "@vitest/pretty-format" "4.1.8"
    convert-source-map "^2.0.0"
    tinyrainbow "^3.1.0"

assertion-error@^2.0.1:
  version "2.0.1"
  resolved "https://registry.yarnpkg.com/assertion-error/-/assertion-error-2.0.1.tgz#f641a196b335690b1070bf00b6e7593fec190bf7"
  integrity sha512-Izi8RQcffqCeNVgFigKli1ssklIbpHnCYc6AknXGYoB6grJqyeby7jv12JUQgmTAnIDnbck1uxksT4dzN3PWBA==

ast-v8-to-istanbul@^1.0.0:
  version "1.0.4"
  resolved "https://registry.yarnpkg.com/ast-v8-to-istanbul/-/ast-v8-to-istanbul-1.0.4.tgz#9b3c38bdcadbb17f0da8cab2ca3daf8cdf5e0af2"
  integrity sha512-0bC0/4bTSrnwdhU3IsZDwEdojvuPrSg59OYZfKsLRtJZ0u8VBx9DebfqqG8bRdCC0I7vjgxmPi41P0lpkhJHtA==
  dependencies:
    "@jridgewell/trace-mapping" "^0.3.31"
    estree-walker "^3.0.3"
    js-tokens "^10.0.0"

chai@^6.2.2:
  version "6.2.2"
  resolved "https://registry.yarnpkg.com/chai/-/chai-6.2.2.tgz#ae41b52c9aca87734505362717f3255facda360e"
  integrity sha512-NUPRluOfOiTKBKvWPtSD4PhFvWCqOi0BGStNWs57X9js7XGTprSmFoz5F0tWhR4WPjNeR9jXqdC7/UpSJTnlRg==

convert-source-map@^2.0.0:
  version "2.0.0"
  resolved "https://registry.yarnpkg.com/convert-source-map/-/convert-source-map-2.0.0.tgz#4b560f649fc4e918dd0ab75cf4961e8bc882d82a"
  integrity sha512-Kvp459HrV2FEJ1CAsi1Ku+MY3kasH19TFykTz2xWmMeq6bk2NU3XXvfJ+Q61m0xktWwt+1HSYf3JZsTms3aRJg==

detect-libc@^2.0.3:
  version "2.1.2"
  resolved "https://registry.yarnpkg.com/detect-libc/-/detect-libc-2.1.2.tgz#689c5dcdc1900ef5583a4cb9f6d7b473742074ad"
  integrity sha512-Btj2BOOO83o3WyH59e8MgXsxEQVcarkUOpEYrubB0urwnN10yQ364rsiByU11nZlqWYZm05i/of7io4mzihBtQ==

es-module-lexer@^2.0.0:
  version "2.1.0"
  resolved "https://registry.yarnpkg.com/es-module-lexer/-/es-module-lexer-2.1.0.tgz#1dfcbb5ea3bbfb63f28e1fc3676c3676d1c9624c"
  integrity sha512-n27zTYMjYu1aj4MjCWzSP7G9r75utsaoc8m61weK+W8JMBGGQybd43GstCXZ3WNmSFtGT9wi59qQTW6mhTR5LQ==

estree-walker@^3.0.3:
  version "3.0.3"
  resolved "https://registry.yarnpkg.com/estree-walker/-/estree-walker-3.0.3.tgz#67c3e549ec402a487b4fc193d1953a524752340d"
  integrity sha512-7RUKfXgSMMkzt6ZuXmqapOurLGPPfgj6l9uRZ7lRGolvk0y2yocc35LdcxKC5PQZdn2DMqioAQ2NoWcrTKmm6g==
  dependencies:
    "@types/estree" "^1.0.0"

expect-type@^1.3.0:
  version "1.3.0"
  resolved "https://registry.yarnpkg.com/expect-type/-/expect-type-1.3.0.tgz#0d58ed361877a31bbc4dd6cf71bbfef7faf6bd68"
  integrity sha512-knvyeauYhqjOYvQ66MznSMs83wmHrCycNEN6Ao+2AeYEfxUIkuiVxdEa1qlGEPK+We3n0THiDciYSsCcgW/DoA==

fdir@^6.5.0:
  version "6.5.0"
  resolved "https://registry.yarnpkg.com/fdir/-/fdir-6.5.0.tgz#ed2ab967a331ade62f18d077dae192684d50d350"
  integrity sha512-tIbYtZbucOs0BRGqPJkshJUYdL+SDH7dVM8gjy+ERp3WAUjLEFJE+02kanyHtwjWOnwrKYBiwAmM0p4kLJAnXg==

fsevents@~2.3.3:
  version "2.3.3"
  resolved "https://registry.yarnpkg.com/fsevents/-/fsevents-2.3.3.tgz#cac6407785d03675a2a5e1a5305c697b347d90d6"
  integrity sha512-5xoDfX+fL7faATnagmWPpbFtwh/R77WmMMqqHGS65C3vvB0YHrgF+B1YmZ3441tMj5n63k0212XNoJwzlhffQw==

has-flag@^4.0.0:
  version "4.0.0"
  resolved "https://registry.yarnpkg.com/has-flag/-/has-flag-4.0.0.tgz#944771fd9c81c81265c4d6941860da06bb59479b"
  integrity sha512-EykJT/Q1KjTWctppgIAgfSO0tKVuZUjhgMr17kqTumMl6Afv3EISleU7qZUzoXDFTAHTDC4NOoG/ZxU3EvlMPQ==

html-escaper@^2.0.0:
  version "2.0.2"
  resolved "https://registry.yarnpkg.com/html-escaper/-/html-escaper-2.0.2.tgz#dfd60027da36a36dfcbe236262c00a5822681453"
  integrity sha512-H2iMtd0I4Mt5eYiapRdIDjp+XzelXQ0tFE4JS7YFwFevXXMmOp9myNrUvCg0D6ws8iqkRPBfKHgbwig1SmlLfg==

istanbul-lib-coverage@^3.0.0, istanbul-lib-coverage@^3.2.2:
  version "3.2.2"
  resolved "https://registry.yarnpkg.com/istanbul-lib-coverage/-/istanbul-lib-coverage-3.2.2.tgz#2d166c4b0644d43a39f04bf6c2edd1e585f31756"
  integrity sha512-O8dpsF+r0WV/8MNRKfnmrtCWhuKjxrq2w+jpzBL5UZKTi2LeVWnWOmWRxFlesJONmc+wLAGvKQZEOanko0LFTg==

istanbul-lib-report@^3.0.0, istanbul-lib-report@^3.0.1:
  version "3.0.1"
  resolved "https://registry.yarnpkg.com/istanbul-lib-report/-/istanbul-lib-report-3.0.1.tgz#908305bac9a5bd175ac6a74489eafd0fc2445a7d"
  integrity sha512-GCfE1mtsHGOELCU8e/Z7YWzpmybrx/+dSTfLrvY8qRmaY6zXTKWn6WQIjaAFw069icm6GVMNkgu0NzI4iPZUNw==
  dependencies:
    istanbul-lib-coverage "^3.0.0"
    make-dir "^4.0.0"
    supports-color "^7.1.0"

istanbul-reports@^3.2.0:
  version "3.2.0"
  resolved "https://registry.yarnpkg.com/istanbul-reports/-/istanbul-reports-3.2.0.tgz#cb4535162b5784aa623cee21a7252cf2c807ac93"
  integrity sha512-HGYWWS/ehqTV3xN10i23tkPkpH46MLCIMFNCaaKNavAXTF1RkqxawEPtnjnGZ6XKSInBKkiOA5BKS+aZiY3AvA==
  dependencies:
    html-escaper "^2.0.0"
    istanbul-lib-report "^3.0.0"

js-tokens@^10.0.0:
  version "10.0.0"
  resolved "https://registry.yarnpkg.com/js-tokens/-/js-tokens-10.0.0.tgz#dffe7599b4a8bb7fe30aff8d0235234dffb79831"
  integrity sha512-lM/UBzQmfJRo9ABXbPWemivdCW8V2G8FHaHdypQaIy523snUjog0W71ayWXTjiR+ixeMyVHN2XcpnTd/liPg/Q==

lightningcss-android-arm64@1.32.0:
  version "1.32.0"
  resolved "https://registry.yarnpkg.com/lightningcss-android-arm64/-/lightningcss-android-arm64-1.32.0.tgz#f033885116dfefd9c6f54787523e3514b61e1968"
  integrity sha512-YK7/ClTt4kAK0vo6w3X+Pnm0D2cf2vPHbhOXdoNti1Ga0al1P4TBZhwjATvjNwLEBCnKvjJc2jQgHXH0NEwlAg==

lightningcss-darwin-arm64@1.32.0:
  version "1.32.0"
  resolved "https://registry.yarnpkg.com/lightningcss-darwin-arm64/-/lightningcss-darwin-arm64-1.32.0.tgz#50b71871b01c8199584b649e292547faea7af9b5"
  integrity sha512-RzeG9Ju5bag2Bv1/lwlVJvBE3q6TtXskdZLLCyfg5pt+HLz9BqlICO7LZM7VHNTTn/5PRhHFBSjk5lc4cmscPQ==

lightningcss-darwin-x64@1.32.0:
  version "1.32.0"
  resolved "https://registry.yarnpkg.com/lightningcss-darwin-x64/-/lightningcss-darwin-x64-1.32.0.tgz#35f3e97332d130b9ca181e11b568ded6aebc6d5e"
  integrity sha512-U+QsBp2m/s2wqpUYT/6wnlagdZbtZdndSmut/NJqlCcMLTWp5muCrID+K5UJ6jqD2BFshejCYXniPDbNh73V8w==

lightningcss-freebsd-x64@1.32.0:
  version "1.32.0"
  resolved "https://registry.yarnpkg.com/lightningcss-freebsd-x64/-/lightningcss-freebsd-x64-1.32.0.tgz#9777a76472b64ed6ff94342ad64c7bafd794a575"
  integrity sha512-JCTigedEksZk3tHTTthnMdVfGf61Fky8Ji2E4YjUTEQX14xiy/lTzXnu1vwiZe3bYe0q+SpsSH/CTeDXK6WHig==

lightningcss-linux-arm-gnueabihf@1.32.0:
  version "1.32.0"
  resolved "https://registry.yarnpkg.com/lightningcss-linux-arm-gnueabihf/-/lightningcss-linux-arm-gnueabihf-1.32.0.tgz#13ae652e1ab73b9135d7b7da172f666c410ad53d"
  integrity sha512-x6rnnpRa2GL0zQOkt6rts3YDPzduLpWvwAF6EMhXFVZXD4tPrBkEFqzGowzCsIWsPjqSK+tyNEODUBXeeVHSkw==

lightningcss-linux-arm64-gnu@1.32.0:
  version "1.32.0"
  resolved "https://registry.yarnpkg.com/lightningcss-linux-arm64-gnu/-/lightningcss-linux-arm64-gnu-1.32.0.tgz#417858795a94592f680123a1b1f9da8a0e1ef335"
  integrity sha512-0nnMyoyOLRJXfbMOilaSRcLH3Jw5z9HDNGfT/gwCPgaDjnx0i8w7vBzFLFR1f6CMLKF8gVbebmkUN3fa/kQJpQ==

lightningcss-linux-arm64-musl@1.32.0:
  version "1.32.0"
  resolved "https://registry.yarnpkg.com/lightningcss-linux-arm64-musl/-/lightningcss-linux-arm64-musl-1.32.0.tgz#6be36692e810b718040802fd809623cffe732133"
  integrity sha512-UpQkoenr4UJEzgVIYpI80lDFvRmPVg6oqboNHfoH4CQIfNA+HOrZ7Mo7KZP02dC6LjghPQJeBsvXhJod/wnIBg==

lightningcss-linux-x64-gnu@1.32.0:
  version "1.32.0"
  resolved "https://registry.yarnpkg.com/lightningcss-linux-x64-gnu/-/lightningcss-linux-x64-gnu-1.32.0.tgz#0b7803af4eb21cfd38dd39fe2abbb53c7dd091f6"
  integrity sha512-V7Qr52IhZmdKPVr+Vtw8o+WLsQJYCTd8loIfpDaMRWGUZfBOYEJeyJIkqGIDMZPwPx24pUMfwSxxI8phr/MbOA==

lightningcss-linux-x64-musl@1.32.0:
  version "1.32.0"
  resolved "https://registry.yarnpkg.com/lightningcss-linux-x64-musl/-/lightningcss-linux-x64-musl-1.32.0.tgz#88dc8ba865ddddb1ac5ef04b0f161804418c163b"
  integrity sha512-bYcLp+Vb0awsiXg/80uCRezCYHNg1/l3mt0gzHnWV9XP1W5sKa5/TCdGWaR/zBM2PeF/HbsQv/j2URNOiVuxWg==

lightningcss-win32-arm64-msvc@1.32.0:
  version "1.32.0"
  resolved "https://registry.yarnpkg.com/lightningcss-win32-arm64-msvc/-/lightningcss-win32-arm64-msvc-1.32.0.tgz#4f30ba3fa5e925f5b79f945e8cc0d176c3b1ab38"
  integrity sha512-8SbC8BR40pS6baCM8sbtYDSwEVQd4JlFTOlaD3gWGHfThTcABnNDBda6eTZeqbofalIJhFx0qKzgHJmcPTnGdw==

lightningcss-win32-x64-msvc@1.32.0:
  version "1.32.0"
  resolved "https://registry.yarnpkg.com/lightningcss-win32-x64-msvc/-/lightningcss-win32-x64-msvc-1.32.0.tgz#141aa5605645064928902bb4af045fa7d9f4220a"
  integrity sha512-Amq9B/SoZYdDi1kFrojnoqPLxYhQ4Wo5XiL8EVJrVsB8ARoC1PWW6VGtT0WKCemjy8aC+louJnjS7U18x3b06Q==

lightningcss@^1.32.0:
  version "1.32.0"
  resolved "https://registry.yarnpkg.com/lightningcss/-/lightningcss-1.32.0.tgz#b85aae96486dcb1bf49a7c8571221273f4f1e4a9"
  integrity sha512-NXYBzinNrblfraPGyrbPoD19C1h9lfI/1mzgWYvXUTe414Gz/X1FD2XBZSZM7rRTrMA8JL3OtAaGifrIKhQ5yQ==
  dependencies:
    detect-libc "^2.0.3"
  optionalDependencies:
    lightningcss-android-arm64 "1.32.0"
    lightningcss-darwin-arm64 "1.32.0"
    lightningcss-darwin-x64 "1.32.0"
    lightningcss-freebsd-x64 "1.32.0"
    lightningcss-linux-arm-gnueabihf "1.32.0"
    lightningcss-linux-arm64-gnu "1.32.0"
    lightningcss-linux-arm64-musl "1.32.0"
    lightningcss-linux-x64-gnu "1.32.0"
    lightningcss-linux-x64-musl "1.32.0"
    lightningcss-win32-arm64-msvc "1.32.0"
    lightningcss-win32-x64-msvc "1.32.0"

magic-string@^0.30.21:
  version "0.30.21"
  resolved "https://registry.yarnpkg.com/magic-string/-/magic-string-0.30.21.tgz#56763ec09a0fa8091df27879fd94d19078c00d91"
  integrity sha512-vd2F4YUyEXKGcLHoq+TEyCjxueSeHnFxyyjNp80yg0XV4vUhnDer/lvvlqM/arB5bXQN5K2/3oinyCRyx8T2CQ==
  dependencies:
    "@jridgewell/sourcemap-codec" "^1.5.5"

magicast@^0.5.2:
  version "0.5.3"
  resolved "https://registry.yarnpkg.com/magicast/-/magicast-0.5.3.tgz#1800f6e76dd8b0dbe7257438a2c336aefabbd905"
  integrity sha512-pVKE4UdSQ7DvHzivsCIFx2BJn1mHG6KsyrFcaxFx6tONdneEuThrDx0Cj3AMg58KyN4pzYT+LHOotxDQDjNvkw==
  dependencies:
    "@babel/parser" "^7.29.3"
    "@babel/types" "^7.29.0"
    source-map-js "^1.2.1"

make-dir@^4.0.0:
  version "4.0.0"
  resolved "https://registry.yarnpkg.com/make-dir/-/make-dir-4.0.0.tgz#c3c2307a771277cd9638305f915c29ae741b614e"
  integrity sha512-hXdUTZYIVOt1Ex//jAQi+wTZZpUpwBj/0QsOzqegb3rGMMeJiSEu5xLHnYfBrRV4RH2+OCSOO95Is/7x1WJ4bw==
  dependencies:
    semver "^7.5.3"

moment@2.30.1:
  version "2.30.1"
  resolved "https://registry.yarnpkg.com/moment/-/moment-2.30.1.tgz#f8c91c07b7a786e30c59926df530b4eac96974ae"
  integrity sha512-uEmtNhbDOrWPFS+hdjFCBfy9f2YoyzRpwcl+DqpC6taX21FzsTLQVbMV/W7PzNSX6x/bhC1zA3c2UQ5NzH6how==

nanoid@^3.3.12:
  version "3.3.12"
  resolved "https://registry.yarnpkg.com/nanoid/-/nanoid-3.3.12.tgz#ab3d912e217a6d0a514f00a72a16543a28982c05"
  integrity sha512-ZB9RH/39qpq5Vu6Y+NmUaFhQR6pp+M2Xt76XBnEwDaGcVAqhlvxrl3B2bKS5D3NH3QR76v3aSrKaF/Kiy7lEtQ==

obug@^2.1.1:
  version "2.1.3"
  resolved "https://registry.yarnpkg.com/obug/-/obug-2.1.3.tgz#c02c60f95abd603409330e767db7f2823193331e"
  integrity sha512-9miFgM2OFba7hB+pRgvtV84pYTBaoTHohvmIgiRt6dRIzbwEOIaNaP+dIlGs2fNFoB0SeISs0Jz5WFVRid6Xyg==

oxlint@1.56.0:
  version "1.56.0"
  resolved "https://registry.yarnpkg.com/oxlint/-/oxlint-1.56.0.tgz#b538b0171c5560212ffd38b479aca9efa6b8dafc"
  integrity sha512-Q+5Mj5PVaH/R6/fhMMFzw4dT+KPB+kQW4kaL8FOIq7tfhlnEVp6+3lcWqFruuTNlUo9srZUW3qH7Id4pskeR6g==
  optionalDependencies:
    "@oxlint/binding-android-arm-eabi" "1.56.0"
    "@oxlint/binding-android-arm64" "1.56.0"
    "@oxlint/binding-darwin-arm64" "1.56.0"
    "@oxlint/binding-darwin-x64" "1.56.0"
    "@oxlint/binding-freebsd-x64" "1.56.0"
    "@oxlint/binding-linux-arm-gnueabihf" "1.56.0"
    "@oxlint/binding-linux-arm-musleabihf" "1.56.0"
    "@oxlint/binding-linux-arm64-gnu" "1.56.0"
    "@oxlint/binding-linux-arm64-musl" "1.56.0"
    "@oxlint/binding-linux-ppc64-gnu" "1.56.0"
    "@oxlint/binding-linux-riscv64-gnu" "1.56.0"
    "@oxlint/binding-linux-riscv64-musl" "1.56.0"
    "@oxlint/binding-linux-s390x-gnu" "1.56.0"
    "@oxlint/binding-linux-x64-gnu" "1.56.0"
    "@oxlint/binding-linux-x64-musl" "1.56.0"
    "@oxlint/binding-openharmony-arm64" "1.56.0"
    "@oxlint/binding-win32-arm64-msvc" "1.56.0"
    "@oxlint/binding-win32-ia32-msvc" "1.56.0"
    "@oxlint/binding-win32-x64-msvc" "1.56.0"

pathe@^2.0.3:
  version "2.0.3"
  resolved "https://registry.yarnpkg.com/pathe/-/pathe-2.0.3.tgz#3ecbec55421685b70a9da872b2cff3e1cbed1716"
  integrity sha512-WUjGcAqP1gQacoQe+OBJsFA7Ld4DyXuUIjZ5cc75cLHvJ7dtNsTugphxIADwspS+AraAUePCKrSVtPLFj/F88w==

picocolors@^1.1.1:
  version "1.1.1"
  resolved "https://registry.yarnpkg.com/picocolors/-/picocolors-1.1.1.tgz#3d321af3eab939b083c8f929a1d12cda81c26b6b"
  integrity sha512-xceH2snhtb5M9liqDsmEw56le376mTZkEX/jEb/RxNFyegNul7eNslCXP9FDj/Lcu0X8KEyMceP2ntpaHrDEVA==

picomatch@^4.0.3, picomatch@^4.0.4:
  version "4.0.4"
  resolved "https://registry.yarnpkg.com/picomatch/-/picomatch-4.0.4.tgz#fd6f5e00a143086e074dffe4c924b8fb293b0589"
  integrity sha512-QP88BAKvMam/3NxH6vj2o21R6MjxZUAd6nlwAS/pnGvN9IVLocLHxGYIzFhg6fUQ+5th6P4dv4eW9jX3DSIj7A==

postcss@^8.5.15:
  version "8.5.15"
  resolved "https://registry.yarnpkg.com/postcss/-/postcss-8.5.15.tgz#d1eaf677a324e9ec02196da2d3fecf4a0b9a735c"
  integrity sha512-FfR8sjd4em2T6fb3I2MwAJU7HWVMr9zba+enmQeeWFfCbm+UOC/0X4DS8XtpUTMwWMGbjKYP7xjfNekzyGmB3A==
  dependencies:
    nanoid "^3.3.12"
    picocolors "^1.1.1"
    source-map-js "^1.2.1"

rolldown@1.0.3:
  version "1.0.3"
  resolved "https://registry.yarnpkg.com/rolldown/-/rolldown-1.0.3.tgz#db88a3008fb0e28230a00423727ce75ba32121ac"
  integrity sha512-i00lAJ2ks1BYr7rjNjKC7BcqAS7nVfiT3QX1SI5aY+AFHblCmaUf9OE9dbdzDvW6dJxbi2ZCZiy9v3CcwOiX3g==
  dependencies:
    "@oxc-project/types" "=0.133.0"
    "@rolldown/pluginutils" "^1.0.0"
  optionalDependencies:
    "@rolldown/binding-android-arm64" "1.0.3"
    "@rolldown/binding-darwin-arm64" "1.0.3"
    "@rolldown/binding-darwin-x64" "1.0.3"
    "@rolldown/binding-freebsd-x64" "1.0.3"
    "@rolldown/binding-linux-arm-gnueabihf" "1.0.3"
    "@rolldown/binding-linux-arm64-gnu" "1.0.3"
    "@rolldown/binding-linux-arm64-musl" "1.0.3"
    "@rolldown/binding-linux-ppc64-gnu" "1.0.3"
    "@rolldown/binding-linux-s390x-gnu" "1.0.3"
    "@rolldown/binding-linux-x64-gnu" "1.0.3"
    "@rolldown/binding-linux-x64-musl" "1.0.3"
    "@rolldown/binding-openharmony-arm64" "1.0.3"
    "@rolldown/binding-wasm32-wasi" "1.0.3"
    "@rolldown/binding-win32-arm64-msvc" "1.0.3"
    "@rolldown/binding-win32-x64-msvc" "1.0.3"

semver@^7.5.3:
  version "7.8.4"
  resolved "https://registry.yarnpkg.com/semver/-/semver-7.8.4.tgz#c73eceebae0616934be8dff28a7fd70757c8e696"
  integrity sha512-rUCObTnP32Q08R2uuIrt7r9PlEonuTmtuXYcW6s5kjdlj3xbnwe+21yXptAUYcMAABLkYYTtnmzb3w3EDZfueA==

siginfo@^2.0.0:
  version "2.0.0"
  resolved "https://registry.yarnpkg.com/siginfo/-/siginfo-2.0.0.tgz#32e76c70b79724e3bb567cb9d543eb858ccfaf30"
  integrity sha512-ybx0WO1/8bSBLEWXZvEd7gMW3Sn3JFlW3TvX1nREbDLRNQNaeNN8WK0meBwPdAaOI7TtRRRJn/Es1zhrrCHu7g==

source-map-js@^1.2.1:
  version "1.2.1"
  resolved "https://registry.yarnpkg.com/source-map-js/-/source-map-js-1.2.1.tgz#1ce5650fddd87abc099eda37dcff024c2667ae46"
  integrity sha512-UXWMKhLOwVKb728IUtQPXxfYU+usdybtUrK/8uGE8CQMvrhOpwvzDBwj0QhSL7MQc7vIsISBG8VQ8+IDQxpfQA==

stackback@0.0.2:
  version "0.0.2"
  resolved "https://registry.yarnpkg.com/stackback/-/stackback-0.0.2.tgz#1ac8a0d9483848d1695e418b6d031a3c3ce68e3b"
  integrity sha512-1XMJE5fQo1jGH6Y/7ebnwPOBEkIEnT4QF32d5R1+VXdXveM0IBMJt8zfaxX1P3QhVwrYe+576+jkANtSS2mBbw==

std-env@^4.0.0-rc.1:
  version "4.1.0"
  resolved "https://registry.yarnpkg.com/std-env/-/std-env-4.1.0.tgz#45899abc590d86d682e87f0acd1033a75084cd3f"
  integrity sha512-Rq7ybcX2RuC55r9oaPVEW7/xu3tj8u4GeBYHBWCychFtzMIr86A7e3PPEBPT37sHStKX3+TiX/Fr/ACmJLVlLQ==

supports-color@^7.1.0:
  version "7.2.0"
  resolved "https://registry.yarnpkg.com/supports-color/-/supports-color-7.2.0.tgz#1b7dcdcb32b8138801b3e478ba6a51caa89648da"
  integrity sha512-qpCAvRl9stuOHveKsn7HncJRvv501qIacKzQlO/+Lwxc9+0q2wLyv4Dfvt80/DPn2pqOBsJdDiogXGR9+OvwRw==
  dependencies:
    has-flag "^4.0.0"

tinybench@^2.9.0:
  version "2.9.0"
  resolved "https://registry.yarnpkg.com/tinybench/-/tinybench-2.9.0.tgz#103c9f8ba6d7237a47ab6dd1dcff77251863426b"
  integrity sha512-0+DUvqWMValLmha6lr4kD8iAMK1HzV0/aKnCtWb9v9641TnP/MFb7Pc2bxoxQjTXAErryXVgUOfv2YqNllqGeg==

tinyexec@^1.0.2:
  version "1.2.4"
  resolved "https://registry.yarnpkg.com/tinyexec/-/tinyexec-1.2.4.tgz#ae45bb2edebda94c70f4ea897e0f1243e470db71"
  integrity sha512-SHf/r48b7vOrjve9PxJo3MN5v5yuyjHvdUcrQffT3WXMUfnGmHDVbC4k3sHJaJTgZCwpUplIaAo5ANtMyp3YHg==

tinyglobby@^0.2.15, tinyglobby@^0.2.17:
  version "0.2.17"
  resolved "https://registry.yarnpkg.com/tinyglobby/-/tinyglobby-0.2.17.tgz#562a9a6c9eb2b3b123d39719f9af5bb44fcd7631"
  integrity sha512-wXR/dYpcqKmfWpEdZjiKJOwCNFndD0DMnrW/cYjVGttEkBfVgcLFHoNrlj47mjOVic9yyNu65alsgF4NQyTa2g==
  dependencies:
    fdir "^6.5.0"
    picomatch "^4.0.4"

tinyrainbow@^3.1.0:
  version "3.1.0"
  resolved "https://registry.yarnpkg.com/tinyrainbow/-/tinyrainbow-3.1.0.tgz#1d8a623893f95cf0a2ddb9e5d11150e191409421"
  integrity sha512-Bf+ILmBgretUrdJxzXM0SgXLZ3XfiaUuOj/IKQHuTXip+05Xn+uyEYdVg0kYDipTBcLrCVyUzAPz7QmArb0mmw==

tslib@^2.4.0:
  version "2.8.1"
  resolved "https://registry.yarnpkg.com/tslib/-/tslib-2.8.1.tgz#612efe4ed235d567e8aba5f2a5fab70280ade83f"
  integrity sha512-oJFu94HQb+KVduSUQL7wnpmqnfmLsOA/nAh6b6EH0wCEoK0/mPeXU6c3wKDV83MkOuHPRHtSXKKU99IBazS/2w==

vite@8.0.16, "vite@^6.0.0 || ^7.0.0 || ^8.0.0":
  version "8.0.16"
  resolved "https://registry.yarnpkg.com/vite/-/vite-8.0.16.tgz#ae073866c06563d6634a90169a496e11bd84f1a6"
  integrity sha512-h9bXPmJichP5fLmVQo3PyaGSDE2n3aPuomeAlVRm0JLmt4rY6zmPKd59HYI4LNW8oTK7tlTsuC7l/m7awx9Jcw==
  dependencies:
    lightningcss "^1.32.0"
    picomatch "^4.0.4"
    postcss "^8.5.15"
    rolldown "1.0.3"
    tinyglobby "^0.2.17"
  optionalDependencies:
    fsevents "~2.3.3"

vitest@4.1.8:
  version "4.1.8"
  resolved "https://registry.yarnpkg.com/vitest/-/vitest-4.1.8.tgz#9fed17277bf7350497e54338898a7afd46dfd509"
  integrity sha512-flY6ScbCIt9HThs+C5HS7jvGOB560DJtk/Z15IQROTA6zEy49Nh8T/dofWTQL+n3vswqn87sbJNiuqw1SDp5Ig==
  dependencies:
    "@vitest/expect" "4.1.8"
    "@vitest/mocker" "4.1.8"
    "@vitest/pretty-format" "4.1.8"
    "@vitest/runner" "4.1.8"
    "@vitest/snapshot" "4.1.8"
    "@vitest/spy" "4.1.8"
    "@vitest/utils" "4.1.8"
    es-module-lexer "^2.0.0"
    expect-type "^1.3.0"
    magic-string "^0.30.21"
    obug "^2.1.1"
    pathe "^2.0.3"
    picomatch "^4.0.3"
    std-env "^4.0.0-rc.1"
    tinybench "^2.9.0"
    tinyexec "^1.0.2"
    tinyglobby "^0.2.15"
    tinyrainbow "^3.1.0"
    vite "^6.0.0 || ^7.0.0 || ^8.0.0"
    why-is-node-running "^2.3.0"

why-is-node-running@^2.3.0:
  version "2.3.0"
  resolved "https://registry.yarnpkg.com/why-is-node-running/-/why-is-node-running-2.3.0.tgz#a3f69a97107f494b3cdc3bdddd883a7d65cebf04"
  integrity sha512-hUrmaWBdVDcxvYqnyh09zunKzROWjbZTiNy8dBEjkS7ehEDQibXJ7XvlmtbwuTclUiIyN+CyXQD4Vmko8fNm8w==
  dependencies:
    siginfo "^2.0.0"
    stackback "0.0.2"
